
Microsoft Visual Studio Solution File, Format Version 12.00
# Visual Studio Version 16
VisualStudioVersion = 16.0.30204.135
MinimumVisualStudioVersion = 10.0.40219.1
Project("{FAE04EC0-301F-11D3-BF4B-00C04F79EFBC}") = "eShopSolution.WebApp", "eShopSolution.WebApp\eShopSolution.WebApp.csproj", "{ED296DE3-8AF7-4312-BDAD-A87EC11146DA}"
EndProject
Global
	GlobalSection(SolutionConfigurationPlatforms) = preSolution
		Debug|Any CPU = Debug|Any CPU
		Release|Any CPU = Release|Any CPU
	EndGlobalSection
	GlobalSection(ProjectConfigurationPlatforms) = postSolution
		{ED296DE3-8AF7-4312-BDAD-A87EC11146DA}.Debug|Any CPU.ActiveCfg = Debug|Any CPU
		{ED296DE3-8AF7-4312-BDAD-A87EC11146DA}.Debug|Any CPU.Build.0 = Debug|Any CPU
		{ED296DE3-8AF7-4312-BDAD-A87EC11146DA}.Release|Any CPU.ActiveCfg = Release|Any CPU
		{ED296DE3-8AF7-4312-BDAD-A87EC11146DA}.Release|Any CPU.Build.0 = Release|Any CPU
	EndGlobalSection
	GlobalSection(SolutionProperties) = preSolution
		HideSolutionNode = FALSE
	EndGlobalSection
	GlobalSection(ExtensibilityGlobals) = postSolution
		SolutionGuid = {989BFD74-FD04-42D2-B7A7-7617EBDCFF23}
	EndGlobalSection
EndGlobal
